// !$*UTF8*$!
{
	archiveVersion = 1;
	classes = {
	};
	objectVersion = 46;
	objects = {

/* Begin PBXBuildFile section */
		2F23B0420E8BC2FCA431C37F /* file_utils.cpp in Sources */ = {isa = PBXBuildFile; fileRef = 2F23BEFB4CAC5E8934D990B7 /* file_utils.cpp */; };
		2F23B0716D1201E79CAE2534 /* ppu.cpp in Sources */ = {isa = PBXBuildFile; fileRef = 2F23B9A421E0415E0B6320F3 /* ppu.cpp */; };
		2F23BAC2AE4E1A21024CA794 /* mmc1.cpp in Sources */ = {isa = PBXBuildFile; fileRef = 2F23B5F8A06917C4D34DDE86 /* mmc1.cpp */; };
		2F23BC9CAD72BBA69AE56BE8 /* nes.cpp in Sources */ = {isa = PBXBuildFile; fileRef = 2F23B8BE4C3CC2BEE9617E66 /* nes.cpp */; };
		2F23BE537DFE3BFD14CCBFFE /* cpu.cpp in Sources */ = {isa = PBXBuildFile; fileRef = 2F23B3E4D657F1A5078954AC /* cpu.cpp */; };
		762F640D17EEA4F0005ED514 /* SFML.framework in Frameworks */ = {isa = PBXBuildFile; fileRef = 762F640C17EEA4F0005ED514 /* SFML.framework */; };
		7649967C17EE0E2D00B9D8C3 /* main.cpp in Sources */ = {isa = PBXBuildFile; fileRef = 7649967717EE0E2D00B9D8C3 /* main.cpp */; };
		7649967D17EE0E2D00B9D8C3 /* nes_helpers.cpp in Sources */ = {isa = PBXBuildFile; fileRef = 7649967817EE0E2D00B9D8C3 /* nes_helpers.cpp */; };
		764CAEBB17EEA57D00A9837D /* sfml-graphics.framework in Frameworks */ = {isa = PBXBuildFile; fileRef = 764CAEBA17EEA57D00A9837D /* sfml-graphics.framework */; };
		764CAEBD17EEA59800A9837D /* sfml-system.framework in Frameworks */ = {isa = PBXBuildFile; fileRef = 764CAEBC17EEA59800A9837D /* sfml-system.framework */; };
		764CAEBF17EEA5B000A9837D /* sfml-window.framework in Frameworks */ = {isa = PBXBuildFile; fileRef = 764CAEBE17EEA5B000A9837D /* sfml-window.framework */; };
		764CAEC117EEA5EC00A9837D /* OpenGL.framework in Frameworks */ = {isa = PBXBuildFile; fileRef = 764CAEC017EEA5EC00A9837D /* OpenGL.framework */; };
		76F589DD17F3745F00CDCAF2 /* CoreServices.framework in Frameworks */ = {isa = PBXBuildFile; fileRef = 76F589DC17F3745F00CDCAF2 /* CoreServices.framework */; };
/* End PBXBuildFile section */

/* Begin PBXCopyFilesBuildPhase section */
		766A650117EAB6D8008701A0 /* CopyFiles */ = {
			isa = PBXCopyFilesBuildPhase;
			buildActionMask = 2147483647;
			dstPath = /usr/share/man/man1/;
			dstSubfolderSpec = 0;
			files = (
			);
			runOnlyForDeploymentPostprocessing = 1;
		};
/* End PBXCopyFilesBuildPhase section */

/* Begin PBXFileReference section */
		2F23B39687D5031EB3D23AE3 /* file_utils.hpp */ = {isa = PBXFileReference; fileEncoding = 4; lastKnownFileType = sourcecode.cpp.h; name = file_utils.hpp; path = src/file_utils.hpp; sourceTree = SOURCE_ROOT; };
		2F23B3E4D657F1A5078954AC /* cpu.cpp */ = {isa = PBXFileReference; fileEncoding = 4; lastKnownFileType = sourcecode.cpp.cpp; name = cpu.cpp; path = src/cpu.cpp; sourceTree = SOURCE_ROOT; };
		2F23B5BC2EE26B6612205522 /* ppu.hpp */ = {isa = PBXFileReference; fileEncoding = 4; lastKnownFileType = sourcecode.cpp.h; name = ppu.hpp; path = src/ppu.hpp; sourceTree = SOURCE_ROOT; };
		2F23B5F55415FB30A637C8C9 /* cpu.hpp */ = {isa = PBXFileReference; fileEncoding = 4; lastKnownFileType = sourcecode.cpp.h; name = cpu.hpp; path = src/cpu.hpp; sourceTree = SOURCE_ROOT; };
		2F23B5F8A06917C4D34DDE86 /* mmc1.cpp */ = {isa = PBXFileReference; fileEncoding = 4; lastKnownFileType = sourcecode.cpp.cpp; name = mmc1.cpp; path = src/mmc1.cpp; sourceTree = SOURCE_ROOT; };
		2F23B8BE4C3CC2BEE9617E66 /* nes.cpp */ = {isa = PBXFileReference; fileEncoding = 4; lastKnownFileType = sourcecode.cpp.cpp; name = nes.cpp; path = src/nes.cpp; sourceTree = SOURCE_ROOT; };
		2F23B9A421E0415E0B6320F3 /* ppu.cpp */ = {isa = PBXFileReference; fileEncoding = 4; lastKnownFileType = sourcecode.cpp.cpp; name = ppu.cpp; path = src/ppu.cpp; sourceTree = SOURCE_ROOT; };
		2F23BCEED3BE6E5203FA7F55 /* mmc1.hpp */ = {isa = PBXFileReference; fileEncoding = 4; lastKnownFileType = sourcecode.cpp.h; name = mmc1.hpp; path = src/mmc1.hpp; sourceTree = SOURCE_ROOT; };
		2F23BE9754689D2FCFB4582D /* nes.hpp */ = {isa = PBXFileReference; fileEncoding = 4; lastKnownFileType = sourcecode.cpp.h; name = nes.hpp; path = src/nes.hpp; sourceTree = SOURCE_ROOT; };
		2F23BEFB4CAC5E8934D990B7 /* file_utils.cpp */ = {isa = PBXFileReference; fileEncoding = 4; lastKnownFileType = sourcecode.cpp.cpp; name = file_utils.cpp; path = src/file_utils.cpp; sourceTree = SOURCE_ROOT; };
		762F640C17EEA4F0005ED514 /* SFML.framework */ = {isa = PBXFileReference; lastKnownFileType = wrapper.framework; name = SFML.framework; path = ../../../../Library/Frameworks/SFML.framework; sourceTree = "<group>"; };
		7649967717EE0E2D00B9D8C3 /* main.cpp */ = {isa = PBXFileReference; fileEncoding = 4; indentWidth = 2; lastKnownFileType = sourcecode.cpp.cpp; name = main.cpp; path = src/main.cpp; sourceTree = SOURCE_ROOT; tabWidth = 2; };
		7649967817EE0E2D00B9D8C3 /* nes_helpers.cpp */ = {isa = PBXFileReference; fileEncoding = 4; lastKnownFileType = sourcecode.cpp.cpp; name = nes_helpers.cpp; path = src/nes_helpers.cpp; sourceTree = SOURCE_ROOT; };
		7649967917EE0E2D00B9D8C3 /* nes_helpers.hpp */ = {isa = PBXFileReference; fileEncoding = 4; lastKnownFileType = sourcecode.cpp.h; name = nes_helpers.hpp; path = src/nes_helpers.hpp; sourceTree = SOURCE_ROOT; };
		7649967A17EE0E2D00B9D8C3 /* nesthing.hpp */ = {isa = PBXFileReference; fileEncoding = 4; lastKnownFileType = sourcecode.cpp.h; name = nesthing.hpp; path = src/nesthing.hpp; sourceTree = SOURCE_ROOT; };
		7649967B17EE0E2D00B9D8C3 /* opcodes.hpp */ = {isa = PBXFileReference; fileEncoding = 4; lastKnownFileType = sourcecode.cpp.h; name = opcodes.hpp; path = src/opcodes.hpp; sourceTree = SOURCE_ROOT; };
		764CAEBA17EEA57D00A9837D /* sfml-graphics.framework */ = {isa = PBXFileReference; lastKnownFileType = wrapper.framework; name = "sfml-graphics.framework"; path = "../../../../Library/Frameworks/sfml-graphics.framework"; sourceTree = "<group>"; };
		764CAEBC17EEA59800A9837D /* sfml-system.framework */ = {isa = PBXFileReference; lastKnownFileType = wrapper.framework; name = "sfml-system.framework"; path = "../../../../Library/Frameworks/sfml-system.framework"; sourceTree = "<group>"; };
		764CAEBE17EEA5B000A9837D /* sfml-window.framework */ = {isa = PBXFileReference; lastKnownFileType = wrapper.framework; name = "sfml-window.framework"; path = "../../../../Library/Frameworks/sfml-window.framework"; sourceTree = "<group>"; };
		764CAEC017EEA5EC00A9837D /* OpenGL.framework */ = {isa = PBXFileReference; lastKnownFileType = wrapper.framework; name = OpenGL.framework; path = System/Library/Frameworks/OpenGL.framework; sourceTree = SDKROOT; };
		766A650317EAB6D8008701A0 /* nesthing */ = {isa = PBXFileReference; explicitFileType = "compiled.mach-o.executable"; includeInIndex = 0; path = nesthing; sourceTree = BUILT_PRODUCTS_DIR; };
		76F589DC17F3745F00CDCAF2 /* CoreServices.framework */ = {isa = PBXFileReference; lastKnownFileType = wrapper.framework; name = CoreServices.framework; path = System/Library/Frameworks/CoreServices.framework; sourceTree = SDKROOT; };
/* End PBXFileReference section */

/* Begin PBXFrameworksBuildPhase section */
		766A650017EAB6D8008701A0 /* Frameworks */ = {
			isa = PBXFrameworksBuildPhase;
			buildActionMask = 2147483647;
			files = (
				76F589DD17F3745F00CDCAF2 /* CoreServices.framework in Frameworks */,
				764CAEC117EEA5EC00A9837D /* OpenGL.framework in Frameworks */,
				764CAEBF17EEA5B000A9837D /* sfml-window.framework in Frameworks */,
				764CAEBD17EEA59800A9837D /* sfml-system.framework in Frameworks */,
				764CAEBB17EEA57D00A9837D /* sfml-graphics.framework in Frameworks */,
				762F640D17EEA4F0005ED514 /* SFML.framework in Frameworks */,
			);
			runOnlyForDeploymentPostprocessing = 0;
		};
/* End PBXFrameworksBuildPhase section */

/* Begin PBXGroup section */
		766A64FA17EAB6D8008701A0 = {
			isa = PBXGroup;
			children = (
				76F589DC17F3745F00CDCAF2 /* CoreServices.framework */,
				764CAEC017EEA5EC00A9837D /* OpenGL.framework */,
				764CAEBE17EEA5B000A9837D /* sfml-window.framework */,
				764CAEBC17EEA59800A9837D /* sfml-system.framework */,
				764CAEBA17EEA57D00A9837D /* sfml-graphics.framework */,
				762F640C17EEA4F0005ED514 /* SFML.framework */,
				766A650517EAB6D8008701A0 /* nesthing */,
				766A650417EAB6D8008701A0 /* Products */,
			);
			sourceTree = "<group>";
		};
		766A650417EAB6D8008701A0 /* Products */ = {
			isa = PBXGroup;
			children = (
				766A650317EAB6D8008701A0 /* nesthing */,
			);
			name = Products;
			sourceTree = "<group>";
		};
		766A650517EAB6D8008701A0 /* nesthing */ = {
			isa = PBXGroup;
			children = (
				7649967717EE0E2D00B9D8C3 /* main.cpp */,
				7649967817EE0E2D00B9D8C3 /* nes_helpers.cpp */,
				7649967917EE0E2D00B9D8C3 /* nes_helpers.hpp */,
				7649967A17EE0E2D00B9D8C3 /* nesthing.hpp */,
				7649967B17EE0E2D00B9D8C3 /* opcodes.hpp */,
				2F23B3E4D657F1A5078954AC /* cpu.cpp */,
				2F23B5F55415FB30A637C8C9 /* cpu.hpp */,
				2F23B5F8A06917C4D34DDE86 /* mmc1.cpp */,
				2F23BCEED3BE6E5203FA7F55 /* mmc1.hpp */,
				2F23B9A421E0415E0B6320F3 /* ppu.cpp */,
				2F23B5BC2EE26B6612205522 /* ppu.hpp */,
				2F23B8BE4C3CC2BEE9617E66 /* nes.cpp */,
				2F23BE9754689D2FCFB4582D /* nes.hpp */,
				2F23BEFB4CAC5E8934D990B7 /* file_utils.cpp */,
				2F23B39687D5031EB3D23AE3 /* file_utils.hpp */,
			);
			path = nesthing;
			sourceTree = "<group>";
		};
/* End PBXGroup section */

/* Begin PBXNativeTarget section */
		766A650217EAB6D8008701A0 /* nesthing */ = {
			isa = PBXNativeTarget;
			buildConfigurationList = 766A650C17EAB6D8008701A0 /* Build configuration list for PBXNativeTarget "nesthing" */;
			buildPhases = (
				766A64FF17EAB6D8008701A0 /* Sources */,
				766A650017EAB6D8008701A0 /* Frameworks */,
				766A650117EAB6D8008701A0 /* CopyFiles */,
			);
			buildRules = (
			);
			dependencies = (
			);
			name = nesthing;
			productName = nesthing;
			productReference = 766A650317EAB6D8008701A0 /* nesthing */;
			productType = "com.apple.product-type.tool";
		};
/* End PBXNativeTarget section */

/* Begin PBXProject section */
		766A64FB17EAB6D8008701A0 /* Project object */ = {
			isa = PBXProject;
			attributes = {
				LastUpgradeCheck = 0460;
				ORGANIZATIONNAME = "Magnus Österlind";
			};
			buildConfigurationList = 766A64FE17EAB6D8008701A0 /* Build configuration list for PBXProject "nesthing" */;
			compatibilityVersion = "Xcode 3.2";
			developmentRegion = English;
			hasScannedForEncodings = 0;
			knownRegions = (
				en,
			);
			mainGroup = 766A64FA17EAB6D8008701A0;
			productRefGroup = 766A650417EAB6D8008701A0 /* Products */;
			projectDirPath = "";
			projectRoot = "";
			targets = (
				766A650217EAB6D8008701A0 /* nesthing */,
			);
		};
/* End PBXProject section */

/* Begin PBXSourcesBuildPhase section */
		766A64FF17EAB6D8008701A0 /* Sources */ = {
			isa = PBXSourcesBuildPhase;
			buildActionMask = 2147483647;
			files = (
				7649967C17EE0E2D00B9D8C3 /* main.cpp in Sources */,
				7649967D17EE0E2D00B9D8C3 /* nes_helpers.cpp in Sources */,
				2F23BE537DFE3BFD14CCBFFE /* cpu.cpp in Sources */,
				2F23BAC2AE4E1A21024CA794 /* mmc1.cpp in Sources */,
				2F23B0716D1201E79CAE2534 /* ppu.cpp in Sources */,
				2F23BC9CAD72BBA69AE56BE8 /* nes.cpp in Sources */,
				2F23B0420E8BC2FCA431C37F /* file_utils.cpp in Sources */,
			);
			runOnlyForDeploymentPostprocessing = 0;
		};
/* End PBXSourcesBuildPhase section */

/* Begin XCBuildConfiguration section */
		766A650A17EAB6D8008701A0 /* Debug */ = {
			isa = XCBuildConfiguration;
			buildSettings = {
				ALWAYS_SEARCH_USER_PATHS = NO;
				ARCHS = "$(ARCHS_STANDARD_64_BIT)";
				CLANG_CXX_LANGUAGE_STANDARD = "gnu++0x";
				CLANG_CXX_LIBRARY = "libc++";
				CLANG_ENABLE_OBJC_ARC = YES;
				CLANG_WARN_CONSTANT_CONVERSION = YES;
				CLANG_WARN_EMPTY_BODY = YES;
				CLANG_WARN_ENUM_CONVERSION = YES;
				CLANG_WARN_INT_CONVERSION = YES;
				CLANG_WARN__DUPLICATE_METHOD_MATCH = YES;
				COPY_PHASE_STRIP = NO;
				GCC_C_LANGUAGE_STANDARD = gnu99;
				GCC_DYNAMIC_NO_PIC = NO;
				GCC_ENABLE_OBJC_EXCEPTIONS = YES;
				GCC_OPTIMIZATION_LEVEL = 0;
				GCC_PREPROCESSOR_DEFINITIONS = (
					"DEBUG=1",
					"$(inherited)",
				);
				GCC_SYMBOLS_PRIVATE_EXTERN = NO;
				GCC_WARN_64_TO_32_BIT_CONVERSION = YES;
				GCC_WARN_ABOUT_RETURN_TYPE = YES;
				GCC_WARN_UNINITIALIZED_AUTOS = YES;
				GCC_WARN_UNUSED_VARIABLE = YES;
				HEADER_SEARCH_PATHS = (
				);
				MACOSX_DEPLOYMENT_TARGET = 10.8;
				ONLY_ACTIVE_ARCH = YES;
				RUN_CLANG_STATIC_ANALYZER = NO;
				SDKROOT = macosx;
				SYMROOT = /Users/dooz/projects/nesthing/build;
			};
			name = Debug;
		};
		766A650B17EAB6D8008701A0 /* Release */ = {
			isa = XCBuildConfiguration;
			buildSettings = {
				ALWAYS_SEARCH_USER_PATHS = NO;
				ARCHS = "$(ARCHS_STANDARD_64_BIT)";
				CLANG_CXX_LANGUAGE_STANDARD = "gnu++0x";
				CLANG_CXX_LIBRARY = "libc++";
				CLANG_ENABLE_OBJC_ARC = YES;
				CLANG_WARN_CONSTANT_CONVERSION = YES;
				CLANG_WARN_EMPTY_BODY = YES;
				CLANG_WARN_ENUM_CONVERSION = YES;
				CLANG_WARN_INT_CONVERSION = YES;
				CLANG_WARN__DUPLICATE_METHOD_MATCH = YES;
				COPY_PHASE_STRIP = YES;
				DEBUG_INFORMATION_FORMAT = "dwarf-with-dsym";
				GCC_C_LANGUAGE_STANDARD = gnu99;
				GCC_ENABLE_OBJC_EXCEPTIONS = YES;
				GCC_WARN_64_TO_32_BIT_CONVERSION = YES;
				GCC_WARN_ABOUT_RETURN_TYPE = YES;
				GCC_WARN_UNINITIALIZED_AUTOS = YES;
				GCC_WARN_UNUSED_VARIABLE = YES;
				HEADER_SEARCH_PATHS = (
				);
				MACOSX_DEPLOYMENT_TARGET = 10.8;
				RUN_CLANG_STATIC_ANALYZER = NO;
				SDKROOT = macosx;
				SYMROOT = /Users/dooz/projects/nesthing/Build/;
			};
			name = Release;
		};
		766A650D17EAB6D8008701A0 /* Debug */ = {
			isa = XCBuildConfiguration;
			buildSettings = {
				ALWAYS_SEARCH_USER_PATHS = YES;
				FRAMEWORK_SEARCH_PATHS = /Library/Frameworks;
				LIBRARY_SEARCH_PATHS = (
					"$(inherited)",
					"\"$(LOCAL_LIBRARY_DIR)/Frameworks/SFML.framework/Versions/2.1.0\"",
				);
				PRODUCT_NAME = "$(TARGET_NAME)";
			};
			name = Debug;
		};
		766A650E17EAB6D8008701A0 /* Release */ = {
			isa = XCBuildConfiguration;
			buildSettings = {
				ALWAYS_SEARCH_USER_PATHS = YES;
				FRAMEWORK_SEARCH_PATHS = /Library/Frameworks;
				LIBRARY_SEARCH_PATHS = (
					"$(inherited)",
					"\"$(LOCAL_LIBRARY_DIR)/Frameworks/SFML.framework/Versions/2.1.0\"",
				);
				PRODUCT_NAME = "$(TARGET_NAME)";
			};
			name = Release;
		};
/* End XCBuildConfiguration section */

/* Begin XCConfigurationList section */
		766A64FE17EAB6D8008701A0 /* Build configuration list for PBXProject "nesthing" */ = {
			isa = XCConfigurationList;
			buildConfigurations = (
				766A650A17EAB6D8008701A0 /* Debug */,
				766A650B17EAB6D8008701A0 /* Release */,
			);
			defaultConfigurationIsVisible = 0;
			defaultConfigurationName = Release;
		};
		766A650C17EAB6D8008701A0 /* Build configuration list for PBXNativeTarget "nesthing" */ = {
			isa = XCConfigurationList;
			buildConfigurations = (
				766A650D17EAB6D8008701A0 /* Debug */,
				766A650E17EAB6D8008701A0 /* Release */,
			);
			defaultConfigurationIsVisible = 0;
			defaultConfigurationName = Release;
		};
/* End XCConfigurationList section */
	};
	rootObject = 766A64FB17EAB6D8008701A0 /* Project object */;
}
